
Microsoft Visual Studio Solution File, Format Version 12.00
# Visual Studio Version 16
VisualStudioVersion = 16.0.30503.244
MinimumVisualStudioVersion = 10.0.40219.1
Project("{FAE04EC0-301F-11D3-BF4B-00C04F79EFBC}") = "File_Manager_5.0", "File_Manager_5.0\File_Manager_5.0.csproj", "{1C8CA3CE-67D2-4351-820B-B4F04B8C0C52}"
EndProject
Global
	GlobalSection(SolutionConfigurationPlatforms) = preSolution
		Debug|Any CPU = Debug|Any CPU
		Release|Any CPU = Release|Any CPU
	EndGlobalSection
	GlobalSection(ProjectConfigurationPlatforms) = postSolution
		{1C8CA3CE-67D2-4351-820B-B4F04B8C0C52}.Debug|Any CPU.ActiveCfg = Debug|Any CPU
		{1C8CA3CE-67D2-4351-820B-B4F04B8C0C52}.Debug|Any CPU.Build.0 = Debug|Any CPU
		{1C8CA3CE-67D2-4351-820B-B4F04B8C0C52}.Release|Any CPU.ActiveCfg = Release|Any CPU
		{1C8CA3CE-67D2-4351-820B-B4F04B8C0C52}.Release|Any CPU.Build.0 = Release|Any CPU
	EndGlobalSection
	GlobalSection(SolutionProperties) = preSolution
		HideSolutionNode = FALSE
	EndGlobalSection
	GlobalSection(ExtensibilityGlobals) = postSolution
		SolutionGuid = {D96A468C-BCC0-4D9A-A9B8-A2B246581CF9}
	EndGlobalSection
EndGlobal
